
Microsoft Visual Studio Solution File, Format Version 12.00
# Visual Studio Version 17
VisualStudioVersion = 17.7.33711.374
MinimumVisualStudioVersion = 10.0.40219.1
Project("{9A19103F-16F7-4668-BE54-9A1E7A4F7556}") = "XafEfCoreSync.Module", "XafEfCoreSync.Module\XafEfCoreSync.Module.csproj", "{1DE1C74D-BB0B-4CDC-BD77-F72DAE64538D}"
EndProject
Project("{9A19103F-16F7-4668-BE54-9A1E7A4F7556}") = "XafEfCoreSync.Win", "XafEfCoreSync.Win\XafEfCoreSync.Win.csproj", "{9CBD6C1A-5DB9-4DDE-BA00-369466A38A83}"
EndProject
Project("{9A19103F-16F7-4668-BE54-9A1E7A4F7556}") = "XafEfCoreSync.Blazor.Server", "XafEfCoreSync.Blazor.Server\XafEfCoreSync.Blazor.Server.csproj", "{A333C67E-C49C-44B4-AA8B-2C6DEBC00BFE}"
EndProject
Global
	GlobalSection(SolutionConfigurationPlatforms) = preSolution
		Debug|Any CPU = Debug|Any CPU
		EasyTest|Any CPU = EasyTest|Any CPU
		Release|Any CPU = Release|Any CPU
	EndGlobalSection
	GlobalSection(ProjectConfigurationPlatforms) = postSolution
		{1DE1C74D-BB0B-4CDC-BD77-F72DAE64538D}.Debug|Any CPU.ActiveCfg = Debug|Any CPU
		{1DE1C74D-BB0B-4CDC-BD77-F72DAE64538D}.Debug|Any CPU.Build.0 = Debug|Any CPU
		{1DE1C74D-BB0B-4CDC-BD77-F72DAE64538D}.EasyTest|Any CPU.ActiveCfg = EasyTest|Any CPU
		{1DE1C74D-BB0B-4CDC-BD77-F72DAE64538D}.EasyTest|Any CPU.Build.0 = EasyTest|Any CPU
		{1DE1C74D-BB0B-4CDC-BD77-F72DAE64538D}.Release|Any CPU.ActiveCfg = Release|Any CPU
		{1DE1C74D-BB0B-4CDC-BD77-F72DAE64538D}.Release|Any CPU.Build.0 = Release|Any CPU
		{9CBD6C1A-5DB9-4DDE-BA00-369466A38A83}.Debug|Any CPU.ActiveCfg = Debug|Any CPU
		{9CBD6C1A-5DB9-4DDE-BA00-369466A38A83}.Debug|Any CPU.Build.0 = Debug|Any CPU
		{9CBD6C1A-5DB9-4DDE-BA00-369466A38A83}.EasyTest|Any CPU.ActiveCfg = EasyTest|Any CPU
		{9CBD6C1A-5DB9-4DDE-BA00-369466A38A83}.EasyTest|Any CPU.Build.0 = EasyTest|Any CPU
		{9CBD6C1A-5DB9-4DDE-BA00-369466A38A83}.Release|Any CPU.ActiveCfg = Release|Any CPU
		{9CBD6C1A-5DB9-4DDE-BA00-369466A38A83}.Release|Any CPU.Build.0 = Release|Any CPU
		{A333C67E-C49C-44B4-AA8B-2C6DEBC00BFE}.Debug|Any CPU.ActiveCfg = Debug|Any CPU
		{A333C67E-C49C-44B4-AA8B-2C6DEBC00BFE}.Debug|Any CPU.Build.0 = Debug|Any CPU
		{A333C67E-C49C-44B4-AA8B-2C6DEBC00BFE}.EasyTest|Any CPU.ActiveCfg = EasyTest|Any CPU
		{A333C67E-C49C-44B4-AA8B-2C6DEBC00BFE}.EasyTest|Any CPU.Build.0 = EasyTest|Any CPU
		{A333C67E-C49C-44B4-AA8B-2C6DEBC00BFE}.Release|Any CPU.ActiveCfg = Release|Any CPU
		{A333C67E-C49C-44B4-AA8B-2C6DEBC00BFE}.Release|Any CPU.Build.0 = Release|Any CPU
	EndGlobalSection
	GlobalSection(SolutionProperties) = preSolution
		HideSolutionNode = FALSE
	EndGlobalSection
EndGlobal
