
Microsoft Visual Studio Solution File, Format Version 12.00
# Visual Studio Version 17
VisualStudioVersion = 17.7.33711.374
MinimumVisualStudioVersion = 10.0.40219.1
Project("{9A19103F-16F7-4668-BE54-9A1E7A4F7556}") = "XafEfCoreSync.Module", "XafEfCoreSync.Module\XafEfCoreSync.Module.csproj", "{1DE1C74D-BB0B-4CDC-BD77-F72DAE64538D}"
EndProject
Project("{9A19103F-16F7-4668-BE54-9A1E7A4F7556}") = "XafEfCoreSync.Win", "XafEfCoreSync.Win\XafEfCoreSync.Win.csproj", "{9CBD6C1A-5DB9-4DDE-BA00-369466A38A83}"
EndProject
Project("{9A19103F-16F7-4668-BE54-9A1E7A4F7556}") = "XafEfCoreSync.Blazor.Server", "XafEfCoreSync.Blazor.Server\XafEfCoreSync.Blazor.Server.csproj", "{A333C67E-C49C-44B4-AA8B-2C6DEBC00BFE}"
EndProject
Project("{9A19103F-16F7-4668-BE54-9A1E7A4F7556}") = "SyncServer", "SyncServer\SyncServer.csproj", "{77033557-2B11-4E82-AAFC-03F1EF1ED934}"
EndProject
Project("{2150E333-8FDC-42A3-9474-1A3956D46DE8}") = "MAUI", "MAUI", "{A7CD1B52-76E9-41B3-B0DA-8535F08382E3}"
EndProject
Project("{9A19103F-16F7-4668-BE54-9A1E7A4F7556}") = "MauiSync", "MauiSync\MauiSync.csproj", "{2B199330-3740-4840-BC34-EA604C41FF53}"
EndProject
Project("{2150E333-8FDC-42A3-9474-1A3956D46DE8}") = "Solution Items", "Solution Items", "{0D8734FA-22E4-47F0-B72F-D5E4247D73BA}"
	ProjectSection(SolutionItems) = preProject
		EfCoreSync.gif = EfCoreSync.gif
		README.md = README.md
	EndProjectSection
EndProject
Global
	GlobalSection(SolutionConfigurationPlatforms) = preSolution
		Debug|Any CPU = Debug|Any CPU
		EasyTest|Any CPU = EasyTest|Any CPU
		Release|Any CPU = Release|Any CPU
	EndGlobalSection
	GlobalSection(ProjectConfigurationPlatforms) = postSolution
		{1DE1C74D-BB0B-4CDC-BD77-F72DAE64538D}.Debug|Any CPU.ActiveCfg = Debug|Any CPU
		{1DE1C74D-BB0B-4CDC-BD77-F72DAE64538D}.Debug|Any CPU.Build.0 = Debug|Any CPU
		{1DE1C74D-BB0B-4CDC-BD77-F72DAE64538D}.EasyTest|Any CPU.ActiveCfg = EasyTest|Any CPU
		{1DE1C74D-BB0B-4CDC-BD77-F72DAE64538D}.EasyTest|Any CPU.Build.0 = EasyTest|Any CPU
		{1DE1C74D-BB0B-4CDC-BD77-F72DAE64538D}.Release|Any CPU.ActiveCfg = Release|Any CPU
		{1DE1C74D-BB0B-4CDC-BD77-F72DAE64538D}.Release|Any CPU.Build.0 = Release|Any CPU
		{9CBD6C1A-5DB9-4DDE-BA00-369466A38A83}.Debug|Any CPU.ActiveCfg = Debug|Any CPU
		{9CBD6C1A-5DB9-4DDE-BA00-369466A38A83}.Debug|Any CPU.Build.0 = Debug|Any CPU
		{9CBD6C1A-5DB9-4DDE-BA00-369466A38A83}.EasyTest|Any CPU.ActiveCfg = EasyTest|Any CPU
		{9CBD6C1A-5DB9-4DDE-BA00-369466A38A83}.EasyTest|Any CPU.Build.0 = EasyTest|Any CPU
		{9CBD6C1A-5DB9-4DDE-BA00-369466A38A83}.Release|Any CPU.ActiveCfg = Release|Any CPU
		{9CBD6C1A-5DB9-4DDE-BA00-369466A38A83}.Release|Any CPU.Build.0 = Release|Any CPU
		{A333C67E-C49C-44B4-AA8B-2C6DEBC00BFE}.Debug|Any CPU.ActiveCfg = Debug|Any CPU
		{A333C67E-C49C-44B4-AA8B-2C6DEBC00BFE}.Debug|Any CPU.Build.0 = Debug|Any CPU
		{A333C67E-C49C-44B4-AA8B-2C6DEBC00BFE}.EasyTest|Any CPU.ActiveCfg = EasyTest|Any CPU
		{A333C67E-C49C-44B4-AA8B-2C6DEBC00BFE}.EasyTest|Any CPU.Build.0 = EasyTest|Any CPU
		{A333C67E-C49C-44B4-AA8B-2C6DEBC00BFE}.Release|Any CPU.ActiveCfg = Release|Any CPU
		{A333C67E-C49C-44B4-AA8B-2C6DEBC00BFE}.Release|Any CPU.Build.0 = Release|Any CPU
		{77033557-2B11-4E82-AAFC-03F1EF1ED934}.Debug|Any CPU.ActiveCfg = Debug|Any CPU
		{77033557-2B11-4E82-AAFC-03F1EF1ED934}.Debug|Any CPU.Build.0 = Debug|Any CPU
		{77033557-2B11-4E82-AAFC-03F1EF1ED934}.EasyTest|Any CPU.ActiveCfg = Debug|Any CPU
		{77033557-2B11-4E82-AAFC-03F1EF1ED934}.EasyTest|Any CPU.Build.0 = Debug|Any CPU
		{77033557-2B11-4E82-AAFC-03F1EF1ED934}.Release|Any CPU.ActiveCfg = Release|Any CPU
		{77033557-2B11-4E82-AAFC-03F1EF1ED934}.Release|Any CPU.Build.0 = Release|Any CPU
		{2B199330-3740-4840-BC34-EA604C41FF53}.Debug|Any CPU.ActiveCfg = Debug|Any CPU
		{2B199330-3740-4840-BC34-EA604C41FF53}.Debug|Any CPU.Build.0 = Debug|Any CPU
		{2B199330-3740-4840-BC34-EA604C41FF53}.Debug|Any CPU.Deploy.0 = Debug|Any CPU
		{2B199330-3740-4840-BC34-EA604C41FF53}.EasyTest|Any CPU.ActiveCfg = Debug|Any CPU
		{2B199330-3740-4840-BC34-EA604C41FF53}.EasyTest|Any CPU.Build.0 = Debug|Any CPU
		{2B199330-3740-4840-BC34-EA604C41FF53}.EasyTest|Any CPU.Deploy.0 = Debug|Any CPU
		{2B199330-3740-4840-BC34-EA604C41FF53}.Release|Any CPU.ActiveCfg = Release|Any CPU
		{2B199330-3740-4840-BC34-EA604C41FF53}.Release|Any CPU.Build.0 = Release|Any CPU
		{2B199330-3740-4840-BC34-EA604C41FF53}.Release|Any CPU.Deploy.0 = Release|Any CPU
	EndGlobalSection
	GlobalSection(SolutionProperties) = preSolution
		HideSolutionNode = FALSE
	EndGlobalSection
	GlobalSection(NestedProjects) = preSolution
		{2B199330-3740-4840-BC34-EA604C41FF53} = {A7CD1B52-76E9-41B3-B0DA-8535F08382E3}
	EndGlobalSection
	GlobalSection(ExtensibilityGlobals) = postSolution
		SolutionGuid = {16D74190-4228-4CA8-BA79-1C9DC78EF0CF}
	EndGlobalSection
EndGlobal
